
Microsoft Visual Studio Solution File, Format Version 12.00
# Visual Studio Version 17
VisualStudioVersion = 17.7.34024.191
MinimumVisualStudioVersion = 10.0.40219.1
Project("{2150E333-8FDC-42A3-9474-1A3956D46DE8}") = "src", "src", "{3CE48FCA-548B-4CAC-B20F-8B9F2010CED4}"
EndProject
Project("{9A19103F-16F7-4668-BE54-9A1E7A4F7556}") = "Application", "src\Application\Application.csproj", "{0CA1FBE6-2E12-4704-8189-5BEC4162F7D0}"
EndProject
Project("{9A19103F-16F7-4668-BE54-9A1E7A4F7556}") = "Infrastructure", "src\Infrastructure\Infrastructure.csproj", "{E5D3E0E6-7D3E-4B80-994C-39D974B7C0EB}"
EndProject
Project("{9A19103F-16F7-4668-BE54-9A1E7A4F7556}") = "Presentation.Console", "src\Presentation.Console\Presentation.Console.csproj", "{7A841D3E-7167-459E-8B26-2B8C9EF9D439}"
EndProject
Project("{2150E333-8FDC-42A3-9474-1A3956D46DE8}") = "1 - Presentation", "1 - Presentation", "{3FBA6DEC-9745-4D8D-A571-CFDE624CA7D5}"
EndProject
Project("{2150E333-8FDC-42A3-9474-1A3956D46DE8}") = "2 - Application", "2 - Application", "{C9F84F9A-BB6D-4AB4-A487-85B07C04D533}"
EndProject
Project("{2150E333-8FDC-42A3-9474-1A3956D46DE8}") = "3 - Infrastructure", "3 - Infrastructure", "{E2B64FFC-8E7C-48B0-A908-BCE602383FAF}"
EndProject
Global
	GlobalSection(SolutionConfigurationPlatforms) = preSolution
		Debug|Any CPU = Debug|Any CPU
		Release|Any CPU = Release|Any CPU
	EndGlobalSection
	GlobalSection(ProjectConfigurationPlatforms) = postSolution
		{0CA1FBE6-2E12-4704-8189-5BEC4162F7D0}.Debug|Any CPU.ActiveCfg = Debug|Any CPU
		{0CA1FBE6-2E12-4704-8189-5BEC4162F7D0}.Debug|Any CPU.Build.0 = Debug|Any CPU
		{0CA1FBE6-2E12-4704-8189-5BEC4162F7D0}.Release|Any CPU.ActiveCfg = Release|Any CPU
		{0CA1FBE6-2E12-4704-8189-5BEC4162F7D0}.Release|Any CPU.Build.0 = Release|Any CPU
		{E5D3E0E6-7D3E-4B80-994C-39D974B7C0EB}.Debug|Any CPU.ActiveCfg = Debug|Any CPU
		{E5D3E0E6-7D3E-4B80-994C-39D974B7C0EB}.Debug|Any CPU.Build.0 = Debug|Any CPU
		{E5D3E0E6-7D3E-4B80-994C-39D974B7C0EB}.Release|Any CPU.ActiveCfg = Release|Any CPU
		{E5D3E0E6-7D3E-4B80-994C-39D974B7C0EB}.Release|Any CPU.Build.0 = Release|Any CPU
		{7A841D3E-7167-459E-8B26-2B8C9EF9D439}.Debug|Any CPU.ActiveCfg = Debug|Any CPU
		{7A841D3E-7167-459E-8B26-2B8C9EF9D439}.Debug|Any CPU.Build.0 = Debug|Any CPU
		{7A841D3E-7167-459E-8B26-2B8C9EF9D439}.Release|Any CPU.ActiveCfg = Release|Any CPU
		{7A841D3E-7167-459E-8B26-2B8C9EF9D439}.Release|Any CPU.Build.0 = Release|Any CPU
	EndGlobalSection
	GlobalSection(SolutionProperties) = preSolution
		HideSolutionNode = FALSE
	EndGlobalSection
	GlobalSection(NestedProjects) = preSolution
		{0CA1FBE6-2E12-4704-8189-5BEC4162F7D0} = {C9F84F9A-BB6D-4AB4-A487-85B07C04D533}
		{E5D3E0E6-7D3E-4B80-994C-39D974B7C0EB} = {E2B64FFC-8E7C-48B0-A908-BCE602383FAF}
		{7A841D3E-7167-459E-8B26-2B8C9EF9D439} = {3FBA6DEC-9745-4D8D-A571-CFDE624CA7D5}
		{3FBA6DEC-9745-4D8D-A571-CFDE624CA7D5} = {3CE48FCA-548B-4CAC-B20F-8B9F2010CED4}
		{C9F84F9A-BB6D-4AB4-A487-85B07C04D533} = {3CE48FCA-548B-4CAC-B20F-8B9F2010CED4}
		{E2B64FFC-8E7C-48B0-A908-BCE602383FAF} = {3CE48FCA-548B-4CAC-B20F-8B9F2010CED4}
	EndGlobalSection
	GlobalSection(ExtensibilityGlobals) = postSolution
		SolutionGuid = {120192D2-8F4D-47DE-9C8D-64BDFEB56D44}
	EndGlobalSection
EndGlobal
